
Microsoft Visual Studio Solution File, Format Version 12.00
# Visual Studio Version 16
VisualStudioVersion = 16.0.30804.86
MinimumVisualStudioVersion = 10.0.40219.1
Project("{FAE04EC0-301F-11D3-BF4B-00C04F79EFBC}") = "buyukKucukOrtalama_09.01.21", "buyukKucukOrtalama_09.01.21\buyukKucukOrtalama_09.01.21.csproj", "{756F8AFA-5AA3-498C-A74D-F5EB54AE012C}"
EndProject
Global
	GlobalSection(SolutionConfigurationPlatforms) = preSolution
		Debug|Any CPU = Debug|Any CPU
		Release|Any CPU = Release|Any CPU
	EndGlobalSection
	GlobalSection(ProjectConfigurationPlatforms) = postSolution
		{756F8AFA-5AA3-498C-A74D-F5EB54AE012C}.Debug|Any CPU.ActiveCfg = Debug|Any CPU
		{756F8AFA-5AA3-498C-A74D-F5EB54AE012C}.Debug|Any CPU.Build.0 = Debug|Any CPU
		{756F8AFA-5AA3-498C-A74D-F5EB54AE012C}.Release|Any CPU.ActiveCfg = Release|Any CPU
		{756F8AFA-5AA3-498C-A74D-F5EB54AE012C}.Release|Any CPU.Build.0 = Release|Any CPU
	EndGlobalSection
	GlobalSection(SolutionProperties) = preSolution
		HideSolutionNode = FALSE
	EndGlobalSection
	GlobalSection(ExtensibilityGlobals) = postSolution
		SolutionGuid = {1FBF607E-C938-4561-BF62-CA7D508AE8BC}
	EndGlobalSection
EndGlobal
